
Microsoft Visual Studio Solution File, Format Version 12.00
# Visual Studio Version 16
VisualStudioVersion = 16.0.33130.400
MinimumVisualStudioVersion = 10.0.40219.1
Project("{8BC9CEB8-8B4A-11D0-8D11-00A0C91BC942}") = "Game2048", "Game2048.vcxproj", "{8B4428B0-3F36-42FB-A31E-AD9F3C4569BE}"
EndProject
Project("{8BC9CEB8-8B4A-11D0-8D11-00A0C91BC942}") = "Game2048GoogleTest", "..\Game2048GoogleTest\Game2048GoogleTest.vcxproj", "{D73C42E1-7047-4CD0-A9AA-7919B0214D43}"
EndProject
Global
	GlobalSection(SolutionConfigurationPlatforms) = preSolution
		Debug|x64 = Debug|x64
		Debug|x86 = Debug|x86
		Release|x64 = Release|x64
		Release|x86 = Release|x86
	EndGlobalSection
	GlobalSection(ProjectConfigurationPlatforms) = postSolution
		{8B4428B0-3F36-42FB-A31E-AD9F3C4569BE}.Debug|x64.ActiveCfg = Debug|x64
		{8B4428B0-3F36-42FB-A31E-AD9F3C4569BE}.Debug|x64.Build.0 = Debug|x64
		{8B4428B0-3F36-42FB-A31E-AD9F3C4569BE}.Debug|x86.ActiveCfg = Debug|Win32
		{8B4428B0-3F36-42FB-A31E-AD9F3C4569BE}.Debug|x86.Build.0 = Debug|Win32
		{8B4428B0-3F36-42FB-A31E-AD9F3C4569BE}.Release|x64.ActiveCfg = Release|x64
		{8B4428B0-3F36-42FB-A31E-AD9F3C4569BE}.Release|x64.Build.0 = Release|x64
		{8B4428B0-3F36-42FB-A31E-AD9F3C4569BE}.Release|x86.ActiveCfg = Release|Win32
		{8B4428B0-3F36-42FB-A31E-AD9F3C4569BE}.Release|x86.Build.0 = Release|Win32
		{D73C42E1-7047-4CD0-A9AA-7919B0214D43}.Debug|x64.ActiveCfg = Debug|x64
		{D73C42E1-7047-4CD0-A9AA-7919B0214D43}.Debug|x64.Build.0 = Debug|x64
		{D73C42E1-7047-4CD0-A9AA-7919B0214D43}.Debug|x86.ActiveCfg = Debug|Win32
		{D73C42E1-7047-4CD0-A9AA-7919B0214D43}.Debug|x86.Build.0 = Debug|Win32
		{D73C42E1-7047-4CD0-A9AA-7919B0214D43}.Release|x64.ActiveCfg = Release|x64
		{D73C42E1-7047-4CD0-A9AA-7919B0214D43}.Release|x64.Build.0 = Release|x64
		{D73C42E1-7047-4CD0-A9AA-7919B0214D43}.Release|x86.ActiveCfg = Release|Win32
		{D73C42E1-7047-4CD0-A9AA-7919B0214D43}.Release|x86.Build.0 = Release|Win32
	EndGlobalSection
	GlobalSection(SolutionProperties) = preSolution
		HideSolutionNode = FALSE
	EndGlobalSection
	GlobalSection(ExtensibilityGlobals) = postSolution
		SolutionGuid = {D0D7BAA4-FBC4-47BE-83A9-1B4DE04D1F24}
	EndGlobalSection
EndGlobal
